
Microsoft Visual Studio Solution File, Format Version 12.00
# Visual Studio Version 17
VisualStudioVersion = 17.0.31903.59
MinimumVisualStudioVersion = 10.0.40219.1
Project("{2150E333-8FDC-42A3-9474-1A3956D46DE8}") = "src", "src", "{827E0CD3-B72D-47B6-A68D-7590B98EB39B}"
EndProject
Project("{2150E333-8FDC-42A3-9474-1A3956D46DE8}") = "Core", "Core", "{8D626EA8-CB54-BC41-363A-217881BEBA6E}"
EndProject
Project("{FAE04EC0-301F-11D3-BF4B-00C04F79EFBC}") = "VaultRedirector.Core", "src\Core\VaultRedirector.Core.csproj", "{667FB805-B92F-4415-8CEC-92D59FF3E212}"
EndProject
Project("{2150E333-8FDC-42A3-9474-1A3956D46DE8}") = "Engine", "Engine", "{581C1AFC-A79E-7578-3E64-521365DC72E1}"
EndProject
Project("{FAE04EC0-301F-11D3-BF4B-00C04F79EFBC}") = "VaultRedirector.Engine", "src\Engine\VaultRedirector.Engine.csproj", "{0E478EEB-E52B-436A-91B9-276C9D6C5514}"
EndProject
Project("{2150E333-8FDC-42A3-9474-1A3956D46DE8}") = "UI", "UI", "{BBB7B94B-6E11-D9F1-7BA6-9ECA82DB22BF}"
EndProject
Project("{FAE04EC0-301F-11D3-BF4B-00C04F79EFBC}") = "VaultRedirector.UI", "src\UI\VaultRedirector.UI.csproj", "{5503EC65-D9A8-410D-BA48-08B9D92D2499}"
EndProject
Project("{2150E333-8FDC-42A3-9474-1A3956D46DE8}") = "Service", "Service", "{D40739C2-B365-88A5-00D6-6C74FD5CFB3F}"
EndProject
Project("{FAE04EC0-301F-11D3-BF4B-00C04F79EFBC}") = "VaultRedirector.Service", "src\Service\VaultRedirector.Service.csproj", "{4FB04E4F-D369-4C40-BCC7-B4E2C52EA3FB}"
EndProject
Project("{2150E333-8FDC-42A3-9474-1A3956D46DE8}") = "tests", "tests", "{0AB3BF05-4346-4AA6-1389-037BE0695223}"
EndProject
Project("{FAE04EC0-301F-11D3-BF4B-00C04F79EFBC}") = "VaultRedirector.Tests", "tests\VaultRedirector.Tests\VaultRedirector.Tests.csproj", "{E63608EE-BC67-46D5-B403-1781C7C1329C}"
EndProject
Global
	GlobalSection(SolutionConfigurationPlatforms) = preSolution
		Debug|Any CPU = Debug|Any CPU
		Debug|x64 = Debug|x64
		Debug|x86 = Debug|x86
		Release|Any CPU = Release|Any CPU
		Release|x64 = Release|x64
		Release|x86 = Release|x86
	EndGlobalSection
	GlobalSection(ProjectConfigurationPlatforms) = postSolution
		{667FB805-B92F-4415-8CEC-92D59FF3E212}.Debug|Any CPU.ActiveCfg = Debug|Any CPU
		{667FB805-B92F-4415-8CEC-92D59FF3E212}.Debug|Any CPU.Build.0 = Debug|Any CPU
		{667FB805-B92F-4415-8CEC-92D59FF3E212}.Debug|x64.ActiveCfg = Debug|Any CPU
		{667FB805-B92F-4415-8CEC-92D59FF3E212}.Debug|x64.Build.0 = Debug|Any CPU
		{667FB805-B92F-4415-8CEC-92D59FF3E212}.Debug|x86.ActiveCfg = Debug|Any CPU
		{667FB805-B92F-4415-8CEC-92D59FF3E212}.Debug|x86.Build.0 = Debug|Any CPU
		{667FB805-B92F-4415-8CEC-92D59FF3E212}.Release|Any CPU.ActiveCfg = Release|Any CPU
		{667FB805-B92F-4415-8CEC-92D59FF3E212}.Release|Any CPU.Build.0 = Release|Any CPU
		{667FB805-B92F-4415-8CEC-92D59FF3E212}.Release|x64.ActiveCfg = Release|Any CPU
		{667FB805-B92F-4415-8CEC-92D59FF3E212}.Release|x64.Build.0 = Release|Any CPU
		{667FB805-B92F-4415-8CEC-92D59FF3E212}.Release|x86.ActiveCfg = Release|Any CPU
		{667FB805-B92F-4415-8CEC-92D59FF3E212}.Release|x86.Build.0 = Release|Any CPU
		{0E478EEB-E52B-436A-91B9-276C9D6C5514}.Debug|Any CPU.ActiveCfg = Debug|Any CPU
		{0E478EEB-E52B-436A-91B9-276C9D6C5514}.Debug|Any CPU.Build.0 = Debug|Any CPU
		{0E478EEB-E52B-436A-91B9-276C9D6C5514}.Debug|x64.ActiveCfg = Debug|Any CPU
		{0E478EEB-E52B-436A-91B9-276C9D6C5514}.Debug|x64.Build.0 = Debug|Any CPU
		{0E478EEB-E52B-436A-91B9-276C9D6C5514}.Debug|x86.ActiveCfg = Debug|Any CPU
		{0E478EEB-E52B-436A-91B9-276C9D6C5514}.Debug|x86.Build.0 = Debug|Any CPU
		{0E478EEB-E52B-436A-91B9-276C9D6C5514}.Release|Any CPU.ActiveCfg = Release|Any CPU
		{0E478EEB-E52B-436A-91B9-276C9D6C5514}.Release|Any CPU.Build.0 = Release|Any CPU
		{0E478EEB-E52B-436A-91B9-276C9D6C5514}.Release|x64.ActiveCfg = Release|Any CPU
		{0E478EEB-E52B-436A-91B9-276C9D6C5514}.Release|x64.Build.0 = Release|Any CPU
		{0E478EEB-E52B-436A-91B9-276C9D6C5514}.Release|x86.ActiveCfg = Release|Any CPU
		{0E478EEB-E52B-436A-91B9-276C9D6C5514}.Release|x86.Build.0 = Release|Any CPU
		{5503EC65-D9A8-410D-BA48-08B9D92D2499}.Debug|Any CPU.ActiveCfg = Debug|Any CPU
		{5503EC65-D9A8-410D-BA48-08B9D92D2499}.Debug|Any CPU.Build.0 = Debug|Any CPU
		{5503EC65-D9A8-410D-BA48-08B9D92D2499}.Debug|x64.ActiveCfg = Debug|Any CPU
		{5503EC65-D9A8-410D-BA48-08B9D92D2499}.Debug|x64.Build.0 = Debug|Any CPU
		{5503EC65-D9A8-410D-BA48-08B9D92D2499}.Debug|x86.ActiveCfg = Debug|Any CPU
		{5503EC65-D9A8-410D-BA48-08B9D92D2499}.Debug|x86.Build.0 = Debug|Any CPU
		{5503EC65-D9A8-410D-BA48-08B9D92D2499}.Release|Any CPU.ActiveCfg = Release|Any CPU
		{5503EC65-D9A8-410D-BA48-08B9D92D2499}.Release|Any CPU.Build.0 = Release|Any CPU
		{5503EC65-D9A8-410D-BA48-08B9D92D2499}.Release|x64.ActiveCfg = Release|Any CPU
		{5503EC65-D9A8-410D-BA48-08B9D92D2499}.Release|x64.Build.0 = Release|Any CPU
		{5503EC65-D9A8-410D-BA48-08B9D92D2499}.Release|x86.ActiveCfg = Release|Any CPU
		{5503EC65-D9A8-410D-BA48-08B9D92D2499}.Release|x86.Build.0 = Release|Any CPU
		{4FB04E4F-D369-4C40-BCC7-B4E2C52EA3FB}.Debug|Any CPU.ActiveCfg = Debug|Any CPU
		{4FB04E4F-D369-4C40-BCC7-B4E2C52EA3FB}.Debug|Any CPU.Build.0 = Debug|Any CPU
		{4FB04E4F-D369-4C40-BCC7-B4E2C52EA3FB}.Debug|x64.ActiveCfg = Debug|Any CPU
		{4FB04E4F-D369-4C40-BCC7-B4E2C52EA3FB}.Debug|x64.Build.0 = Debug|Any CPU
		{4FB04E4F-D369-4C40-BCC7-B4E2C52EA3FB}.Debug|x86.ActiveCfg = Debug|Any CPU
		{4FB04E4F-D369-4C40-BCC7-B4E2C52EA3FB}.Debug|x86.Build.0 = Debug|Any CPU
		{4FB04E4F-D369-4C40-BCC7-B4E2C52EA3FB}.Release|Any CPU.ActiveCfg = Release|Any CPU
		{4FB04E4F-D369-4C40-BCC7-B4E2C52EA3FB}.Release|Any CPU.Build.0 = Release|Any CPU
		{4FB04E4F-D369-4C40-BCC7-B4E2C52EA3FB}.Release|x64.ActiveCfg = Release|Any CPU
		{4FB04E4F-D369-4C40-BCC7-B4E2C52EA3FB}.Release|x64.Build.0 = Release|Any CPU
		{4FB04E4F-D369-4C40-BCC7-B4E2C52EA3FB}.Release|x86.ActiveCfg = Release|Any CPU
		{4FB04E4F-D369-4C40-BCC7-B4E2C52EA3FB}.Release|x86.Build.0 = Release|Any CPU
		{E63608EE-BC67-46D5-B403-1781C7C1329C}.Debug|Any CPU.ActiveCfg = Debug|Any CPU
		{E63608EE-BC67-46D5-B403-1781C7C1329C}.Debug|Any CPU.Build.0 = Debug|Any CPU
		{E63608EE-BC67-46D5-B403-1781C7C1329C}.Debug|x64.ActiveCfg = Debug|Any CPU
		{E63608EE-BC67-46D5-B403-1781C7C1329C}.Debug|x64.Build.0 = Debug|Any CPU
		{E63608EE-BC67-46D5-B403-1781C7C1329C}.Debug|x86.ActiveCfg = Debug|Any CPU
		{E63608EE-BC67-46D5-B403-1781C7C1329C}.Debug|x86.Build.0 = Debug|Any CPU
		{E63608EE-BC67-46D5-B403-1781C7C1329C}.Release|Any CPU.ActiveCfg = Release|Any CPU
		{E63608EE-BC67-46D5-B403-1781C7C1329C}.Release|Any CPU.Build.0 = Release|Any CPU
		{E63608EE-BC67-46D5-B403-1781C7C1329C}.Release|x64.ActiveCfg = Release|Any CPU
		{E63608EE-BC67-46D5-B403-1781C7C1329C}.Release|x64.Build.0 = Release|Any CPU
		{E63608EE-BC67-46D5-B403-1781C7C1329C}.Release|x86.ActiveCfg = Release|Any CPU
		{E63608EE-BC67-46D5-B403-1781C7C1329C}.Release|x86.Build.0 = Release|Any CPU
	EndGlobalSection
	GlobalSection(SolutionProperties) = preSolution
		HideSolutionNode = FALSE
	EndGlobalSection
	GlobalSection(NestedProjects) = preSolution
		{8D626EA8-CB54-BC41-363A-217881BEBA6E} = {827E0CD3-B72D-47B6-A68D-7590B98EB39B}
		{667FB805-B92F-4415-8CEC-92D59FF3E212} = {8D626EA8-CB54-BC41-363A-217881BEBA6E}
		{581C1AFC-A79E-7578-3E64-521365DC72E1} = {827E0CD3-B72D-47B6-A68D-7590B98EB39B}
		{0E478EEB-E52B-436A-91B9-276C9D6C5514} = {581C1AFC-A79E-7578-3E64-521365DC72E1}
		{BBB7B94B-6E11-D9F1-7BA6-9ECA82DB22BF} = {827E0CD3-B72D-47B6-A68D-7590B98EB39B}
		{5503EC65-D9A8-410D-BA48-08B9D92D2499} = {BBB7B94B-6E11-D9F1-7BA6-9ECA82DB22BF}
		{D40739C2-B365-88A5-00D6-6C74FD5CFB3F} = {827E0CD3-B72D-47B6-A68D-7590B98EB39B}
		{4FB04E4F-D369-4C40-BCC7-B4E2C52EA3FB} = {D40739C2-B365-88A5-00D6-6C74FD5CFB3F}
		{E63608EE-BC67-46D5-B403-1781C7C1329C} = {0AB3BF05-4346-4AA6-1389-037BE0695223}
	EndGlobalSection
EndGlobal
